
Microsoft Visual Studio Solution File, Format Version 12.00
# Visual Studio Version 16
VisualStudioVersion = 16.0.30621.155
MinimumVisualStudioVersion = 10.0.40219.1
Project("{FAE04EC0-301F-11D3-BF4B-00C04F79EFBC}") = "DATATypes", "DATATypes\DATATypes.csproj", "{FC3DBF6D-B984-42FF-AB0A-30477E09149C}"
EndProject
Global
	GlobalSection(SolutionConfigurationPlatforms) = preSolution
		Debug|Any CPU = Debug|Any CPU
		Release|Any CPU = Release|Any CPU
	EndGlobalSection
	GlobalSection(ProjectConfigurationPlatforms) = postSolution
		{FC3DBF6D-B984-42FF-AB0A-30477E09149C}.Debug|Any CPU.ActiveCfg = Debug|Any CPU
		{FC3DBF6D-B984-42FF-AB0A-30477E09149C}.Debug|Any CPU.Build.0 = Debug|Any CPU
		{FC3DBF6D-B984-42FF-AB0A-30477E09149C}.Release|Any CPU.ActiveCfg = Release|Any CPU
		{FC3DBF6D-B984-42FF-AB0A-30477E09149C}.Release|Any CPU.Build.0 = Release|Any CPU
	EndGlobalSection
	GlobalSection(SolutionProperties) = preSolution
		HideSolutionNode = FALSE
	EndGlobalSection
	GlobalSection(ExtensibilityGlobals) = postSolution
		SolutionGuid = {9F0295AF-0A45-4F66-8958-2A7B0C536A3E}
	EndGlobalSection
EndGlobal
